// !$*UTF8*$!
{
	archiveVersion = 1;
	classes = {
	};
	objectVersion = 55;
	objects = {

/* Begin PBXBuildFile section */
		8D54A628281FE92E00776282 /* AppDelegate.swift in Sources */ = {isa = PBXBuildFile; fileRef = 8D54A627281FE92E00776282 /* AppDelegate.swift */; };
		8D54A62A281FE92E00776282 /* SceneDelegate.swift in Sources */ = {isa = PBXBuildFile; fileRef = 8D54A629281FE92E00776282 /* SceneDelegate.swift */; };
		8D54A62C281FE92E00776282 /* ViewController.swift in Sources */ = {isa = PBXBuildFile; fileRef = 8D54A62B281FE92E00776282 /* ViewController.swift */; };
		8D54A62F281FE92E00776282 /* Main.storyboard in Resources */ = {isa = PBXBuildFile; fileRef = 8D54A62D281FE92E00776282 /* Main.storyboard */; };
		8D54A631281FE92F00776282 /* Assets.xcassets in Resources */ = {isa = PBXBuildFile; fileRef = 8D54A630281FE92F00776282 /* Assets.xcassets */; };
		8D54A634281FE92F00776282 /* LaunchScreen.storyboard in Resources */ = {isa = PBXBuildFile; fileRef = 8D54A632281FE92F00776282 /* LaunchScreen.storyboard */; };
		8D54A642281FE9D700776282 /* UniformTypeIdentifiers.framework in Frameworks */ = {isa = PBXBuildFile; fileRef = 8D54A641281FE9D700776282 /* UniformTypeIdentifiers.framework */; };
		8D54A645281FE9D700776282 /* Media.xcassets in Resources */ = {isa = PBXBuildFile; fileRef = 8D54A644281FE9D700776282 /* Media.xcassets */; };
		8D54A647281FE9D700776282 /* ActionViewController.swift in Sources */ = {isa = PBXBuildFile; fileRef = 8D54A646281FE9D700776282 /* ActionViewController.swift */; };
		8D54A64A281FE9D700776282 /* MainInterface.storyboard in Resources */ = {isa = PBXBuildFile; fileRef = 8D54A648281FE9D700776282 /* MainInterface.storyboard */; };
		8D54A64E281FE9D700776282 /* Extension.appex in Embed App Extensions */ = {isa = PBXBuildFile; fileRef = 8D54A63F281FE9D700776282 /* Extension.appex */; settings = {ATTRIBUTES = (RemoveHeadersOnCopy, ); }; };
		8D54A654281FEAF400776282 /* Action.js in Resources */ = {isa = PBXBuildFile; fileRef = 8D54A653281FEAF400776282 /* Action.js */; };
/* End PBXBuildFile section */

/* Begin PBXContainerItemProxy section */
		8D54A64C281FE9D700776282 /* PBXContainerItemProxy */ = {
			isa = PBXContainerItemProxy;
			containerPortal = 8D54A61C281FE92E00776282 /* Project object */;
			proxyType = 1;
			remoteGlobalIDString = 8D54A63E281FE9D700776282;
			remoteInfo = Extension;
		};
/* End PBXContainerItemProxy section */

/* Begin PBXCopyFilesBuildPhase section */
		8D54A652281FE9D700776282 /* Embed App Extensions */ = {
			isa = PBXCopyFilesBuildPhase;
			buildActionMask = 2147483647;
			dstPath = "";
			dstSubfolderSpec = 13;
			files = (
				8D54A64E281FE9D700776282 /* Extension.appex in Embed App Extensions */,
			);
			name = "Embed App Extensions";
			runOnlyForDeploymentPostprocessing = 0;
		};
/* End PBXCopyFilesBuildPhase section */

/* Begin PBXFileReference section */
		8D54A624281FE92E00776282 /* JavaScriptInjection.app */ = {isa = PBXFileReference; explicitFileType = wrapper.application; includeInIndex = 0; path = JavaScriptInjection.app; sourceTree = BUILT_PRODUCTS_DIR; };
		8D54A627281FE92E00776282 /* AppDelegate.swift */ = {isa = PBXFileReference; lastKnownFileType = sourcecode.swift; path = AppDelegate.swift; sourceTree = "<group>"; };
		8D54A629281FE92E00776282 /* SceneDelegate.swift */ = {isa = PBXFileReference; lastKnownFileType = sourcecode.swift; path = SceneDelegate.swift; sourceTree = "<group>"; };
		8D54A62B281FE92E00776282 /* ViewController.swift */ = {isa = PBXFileReference; lastKnownFileType = sourcecode.swift; path = ViewController.swift; sourceTree = "<group>"; };
		8D54A62E281FE92E00776282 /* Base */ = {isa = PBXFileReference; lastKnownFileType = file.storyboard; name = Base; path = Base.lproj/Main.storyboard; sourceTree = "<group>"; };
		8D54A630281FE92F00776282 /* Assets.xcassets */ = {isa = PBXFileReference; lastKnownFileType = folder.assetcatalog; path = Assets.xcassets; sourceTree = "<group>"; };
		8D54A633281FE92F00776282 /* Base */ = {isa = PBXFileReference; lastKnownFileType = file.storyboard; name = Base; path = Base.lproj/LaunchScreen.storyboard; sourceTree = "<group>"; };
		8D54A635281FE92F00776282 /* Info.plist */ = {isa = PBXFileReference; lastKnownFileType = text.plist.xml; path = Info.plist; sourceTree = "<group>"; };
		8D54A63F281FE9D700776282 /* Extension.appex */ = {isa = PBXFileReference; explicitFileType = "wrapper.app-extension"; includeInIndex = 0; path = Extension.appex; sourceTree = BUILT_PRODUCTS_DIR; };
		8D54A641281FE9D700776282 /* UniformTypeIdentifiers.framework */ = {isa = PBXFileReference; lastKnownFileType = wrapper.framework; name = UniformTypeIdentifiers.framework; path = System/Library/Frameworks/UniformTypeIdentifiers.framework; sourceTree = SDKROOT; };
		8D54A644281FE9D700776282 /* Media.xcassets */ = {isa = PBXFileReference; lastKnownFileType = folder.assetcatalog; path = Media.xcassets; sourceTree = "<group>"; };
		8D54A646281FE9D700776282 /* ActionViewController.swift */ = {isa = PBXFileReference; lastKnownFileType = sourcecode.swift; path = ActionViewController.swift; sourceTree = "<group>"; };
		8D54A649281FE9D700776282 /* Base */ = {isa = PBXFileReference; lastKnownFileType = file.storyboard; name = Base; path = Base.lproj/MainInterface.storyboard; sourceTree = "<group>"; };
		8D54A64B281FE9D700776282 /* Info.plist */ = {isa = PBXFileReference; lastKnownFileType = text.plist.xml; path = Info.plist; sourceTree = "<group>"; };
		8D54A653281FEAF400776282 /* Action.js */ = {isa = PBXFileReference; lastKnownFileType = sourcecode.javascript; path = Action.js; sourceTree = "<group>"; };
/* End PBXFileReference section */

/* Begin PBXFrameworksBuildPhase section */
		8D54A621281FE92E00776282 /* Frameworks */ = {
			isa = PBXFrameworksBuildPhase;
			buildActionMask = 2147483647;
			files = (
			);
			runOnlyForDeploymentPostprocessing = 0;
		};
		8D54A63C281FE9D700776282 /* Frameworks */ = {
			isa = PBXFrameworksBuildPhase;
			buildActionMask = 2147483647;
			files = (
				8D54A642281FE9D700776282 /* UniformTypeIdentifiers.framework in Frameworks */,
			);
			runOnlyForDeploymentPostprocessing = 0;
		};
/* End PBXFrameworksBuildPhase section */

/* Begin PBXGroup section */
		8D54A61B281FE92E00776282 = {
			isa = PBXGroup;
			children = (
				8D54A626281FE92E00776282 /* JavaScriptInjection */,
				8D54A643281FE9D700776282 /* Extension */,
				8D54A640281FE9D700776282 /* Frameworks */,
				8D54A625281FE92E00776282 /* Products */,
			);
			sourceTree = "<group>";
		};
		8D54A625281FE92E00776282 /* Products */ = {
			isa = PBXGroup;
			children = (
				8D54A624281FE92E00776282 /* JavaScriptInjection.app */,
				8D54A63F281FE9D700776282 /* Extension.appex */,
			);
			name = Products;
			sourceTree = "<group>";
		};
		8D54A626281FE92E00776282 /* JavaScriptInjection */ = {
			isa = PBXGroup;
			children = (
				8D54A627281FE92E00776282 /* AppDelegate.swift */,
				8D54A629281FE92E00776282 /* SceneDelegate.swift */,
				8D54A62B281FE92E00776282 /* ViewController.swift */,
				8D54A62D281FE92E00776282 /* Main.storyboard */,
				8D54A630281FE92F00776282 /* Assets.xcassets */,
				8D54A632281FE92F00776282 /* LaunchScreen.storyboard */,
				8D54A635281FE92F00776282 /* Info.plist */,
			);
			path = JavaScriptInjection;
			sourceTree = "<group>";
		};
		8D54A640281FE9D700776282 /* Frameworks */ = {
			isa = PBXGroup;
			children = (
				8D54A641281FE9D700776282 /* UniformTypeIdentifiers.framework */,
			);
			name = Frameworks;
			sourceTree = "<group>";
		};
		8D54A643281FE9D700776282 /* Extension */ = {
			isa = PBXGroup;
			children = (
				8D54A644281FE9D700776282 /* Media.xcassets */,
				8D54A646281FE9D700776282 /* ActionViewController.swift */,
				8D54A648281FE9D700776282 /* MainInterface.storyboard */,
				8D54A64B281FE9D700776282 /* Info.plist */,
				8D54A653281FEAF400776282 /* Action.js */,
			);
			path = Extension;
			sourceTree = "<group>";
		};
/* End PBXGroup section */

/* Begin PBXNativeTarget section */
		8D54A623281FE92E00776282 /* JavaScriptInjection */ = {
			isa = PBXNativeTarget;
			buildConfigurationList = 8D54A638281FE92F00776282 /* Build configuration list for PBXNativeTarget "JavaScriptInjection" */;
			buildPhases = (
				8D54A620281FE92E00776282 /* Sources */,
				8D54A621281FE92E00776282 /* Frameworks */,
				8D54A622281FE92E00776282 /* Resources */,
				8D54A652281FE9D700776282 /* Embed App Extensions */,
			);
			buildRules = (
			);
			dependencies = (
				8D54A64D281FE9D700776282 /* PBXTargetDependency */,
			);
			name = JavaScriptInjection;
			productName = JavaScriptInjection;
			productReference = 8D54A624281FE92E00776282 /* JavaScriptInjection.app */;
			productType = "com.apple.product-type.application";
		};
		8D54A63E281FE9D700776282 /* Extension */ = {
			isa = PBXNativeTarget;
			buildConfigurationList = 8D54A64F281FE9D700776282 /* Build configuration list for PBXNativeTarget "Extension" */;
			buildPhases = (
				8D54A63B281FE9D700776282 /* Sources */,
				8D54A63C281FE9D700776282 /* Frameworks */,
				8D54A63D281FE9D700776282 /* Resources */,
			);
			buildRules = (
			);
			dependencies = (
			);
			name = Extension;
			productName = Extension;
			productReference = 8D54A63F281FE9D700776282 /* Extension.appex */;
			productType = "com.apple.product-type.app-extension";
		};
/* End PBXNativeTarget section */

/* Begin PBXProject section */
		8D54A61C281FE92E00776282 /* Project object */ = {
			isa = PBXProject;
			attributes = {
				BuildIndependentTargetsInParallel = 1;
				LastSwiftUpdateCheck = 1330;
				LastUpgradeCheck = 1330;
				TargetAttributes = {
					8D54A623281FE92E00776282 = {
						CreatedOnToolsVersion = 13.3.1;
					};
					8D54A63E281FE9D700776282 = {
						CreatedOnToolsVersion = 13.3.1;
					};
				};
			};
			buildConfigurationList = 8D54A61F281FE92E00776282 /* Build configuration list for PBXProject "JavaScriptInjection" */;
			compatibilityVersion = "Xcode 13.0";
			developmentRegion = en;
			hasScannedForEncodings = 0;
			knownRegions = (
				en,
				Base,
			);
			mainGroup = 8D54A61B281FE92E00776282;
			productRefGroup = 8D54A625281FE92E00776282 /* Products */;
			projectDirPath = "";
			projectRoot = "";
			targets = (
				8D54A623281FE92E00776282 /* JavaScriptInjection */,
				8D54A63E281FE9D700776282 /* Extension */,
			);
		};
/* End PBXProject section */

/* Begin PBXResourcesBuildPhase section */
		8D54A622281FE92E00776282 /* Resources */ = {
			isa = PBXResourcesBuildPhase;
			buildActionMask = 2147483647;
			files = (
				8D54A634281FE92F00776282 /* LaunchScreen.storyboard in Resources */,
				8D54A631281FE92F00776282 /* Assets.xcassets in Resources */,
				8D54A62F281FE92E00776282 /* Main.storyboard in Resources */,
			);
			runOnlyForDeploymentPostprocessing = 0;
		};
		8D54A63D281FE9D700776282 /* Resources */ = {
			isa = PBXResourcesBuildPhase;
			buildActionMask = 2147483647;
			files = (
				8D54A654281FEAF400776282 /* Action.js in Resources */,
				8D54A645281FE9D700776282 /* Media.xcassets in Resources */,
				8D54A64A281FE9D700776282 /* MainInterface.storyboard in Resources */,
			);
			runOnlyForDeploymentPostprocessing = 0;
		};
/* End PBXResourcesBuildPhase section */

/* Begin PBXSourcesBuildPhase section */
		8D54A620281FE92E00776282 /* Sources */ = {
			isa = PBXSourcesBuildPhase;
			buildActionMask = 2147483647;
			files = (
				8D54A62C281FE92E00776282 /* ViewController.swift in Sources */,
				8D54A628281FE92E00776282 /* AppDelegate.swift in Sources */,
				8D54A62A281FE92E00776282 /* SceneDelegate.swift in Sources */,
			);
			runOnlyForDeploymentPostprocessing = 0;
		};
		8D54A63B281FE9D700776282 /* Sources */ = {
			isa = PBXSourcesBuildPhase;
			buildActionMask = 2147483647;
			files = (
				8D54A647281FE9D700776282 /* ActionViewController.swift in Sources */,
			);
			runOnlyForDeploymentPostprocessing = 0;
		};
/* End PBXSourcesBuildPhase section */

/* Begin PBXTargetDependency section */
		8D54A64D281FE9D700776282 /* PBXTargetDependency */ = {
			isa = PBXTargetDependency;
			target = 8D54A63E281FE9D700776282 /* Extension */;
			targetProxy = 8D54A64C281FE9D700776282 /* PBXContainerItemProxy */;
		};
/* End PBXTargetDependency section */

/* Begin PBXVariantGroup section */
		8D54A62D281FE92E00776282 /* Main.storyboard */ = {
			isa = PBXVariantGroup;
			children = (
				8D54A62E281FE92E00776282 /* Base */,
			);
			name = Main.storyboard;
			sourceTree = "<group>";
		};
		8D54A632281FE92F00776282 /* LaunchScreen.storyboard */ = {
			isa = PBXVariantGroup;
			children = (
				8D54A633281FE92F00776282 /* Base */,
			);
			name = LaunchScreen.storyboard;
			sourceTree = "<group>";
		};
		8D54A648281FE9D700776282 /* MainInterface.storyboard */ = {
			isa = PBXVariantGroup;
			children = (
				8D54A649281FE9D700776282 /* Base */,
			);
			name = MainInterface.storyboard;
			sourceTree = "<group>";
		};
/* End PBXVariantGroup section */

/* Begin XCBuildConfiguration section */
		8D54A636281FE92F00776282 /* Debug */ = {
			isa = XCBuildConfiguration;
			buildSettings = {
				ALWAYS_SEARCH_USER_PATHS = NO;
				CLANG_ANALYZER_NONNULL = YES;
				CLANG_ANALYZER_NUMBER_OBJECT_CONVERSION = YES_AGGRESSIVE;
				CLANG_CXX_LANGUAGE_STANDARD = "gnu++17";
				CLANG_ENABLE_MODULES = YES;
				CLANG_ENABLE_OBJC_ARC = YES;
				CLANG_ENABLE_OBJC_WEAK = YES;
				CLANG_WARN_BLOCK_CAPTURE_AUTORELEASING = YES;
				CLANG_WARN_BOOL_CONVERSION = YES;
				CLANG_WARN_COMMA = YES;
				CLANG_WARN_CONSTANT_CONVERSION = YES;
				CLANG_WARN_DEPRECATED_OBJC_IMPLEMENTATIONS = YES;
				CLANG_WARN_DIRECT_OBJC_ISA_USAGE = YES_ERROR;
				CLANG_WARN_DOCUMENTATION_COMMENTS = YES;
				CLANG_WARN_EMPTY_BODY = YES;
				CLANG_WARN_ENUM_CONVERSION = YES;
				CLANG_WARN_INFINITE_RECURSION = YES;
				CLANG_WARN_INT_CONVERSION = YES;
				CLANG_WARN_NON_LITERAL_NULL_CONVERSION = YES;
				CLANG_WARN_OBJC_IMPLICIT_RETAIN_SELF = YES;
				CLANG_WARN_OBJC_LITERAL_CONVERSION = YES;
				CLANG_WARN_OBJC_ROOT_CLASS = YES_ERROR;
				CLANG_WARN_QUOTED_INCLUDE_IN_FRAMEWORK_HEADER = YES;
				CLANG_WARN_RANGE_LOOP_ANALYSIS = YES;
				CLANG_WARN_STRICT_PROTOTYPES = YES;
				CLANG_WARN_SUSPICIOUS_MOVE = YES;
				CLANG_WARN_UNGUARDED_AVAILABILITY = YES_AGGRESSIVE;
				CLANG_WARN_UNREACHABLE_CODE = YES;
				CLANG_WARN__DUPLICATE_METHOD_MATCH = YES;
				COPY_PHASE_STRIP = NO;
				DEBUG_INFORMATION_FORMAT = dwarf;
				ENABLE_STRICT_OBJC_MSGSEND = YES;
				ENABLE_TESTABILITY = YES;
				GCC_C_LANGUAGE_STANDARD = gnu11;
				GCC_DYNAMIC_NO_PIC = NO;
				GCC_NO_COMMON_BLOCKS = YES;
				GCC_OPTIMIZATION_LEVEL = 0;
				GCC_PREPROCESSOR_DEFINITIONS = (
					"DEBUG=1",
					"$(inherited)",
				);
				GCC_WARN_64_TO_32_BIT_CONVERSION = YES;
				GCC_WARN_ABOUT_RETURN_TYPE = YES_ERROR;
				GCC_WARN_UNDECLARED_SELECTOR = YES;
				GCC_WARN_UNINITIALIZED_AUTOS = YES_AGGRESSIVE;
				GCC_WARN_UNUSED_FUNCTION = YES;
				GCC_WARN_UNUSED_VARIABLE = YES;
				IPHONEOS_DEPLOYMENT_TARGET = 15.4;
				MTL_ENABLE_DEBUG_INFO = INCLUDE_SOURCE;
				MTL_FAST_MATH = YES;
				ONLY_ACTIVE_ARCH = YES;
				SDKROOT = iphoneos;
				SWIFT_ACTIVE_COMPILATION_CONDITIONS = DEBUG;
				SWIFT_OPTIMIZATION_LEVEL = "-Onone";
			};
			name = Debug;
		};
		8D54A637281FE92F00776282 /* Release */ = {
			isa = XCBuildConfiguration;
			buildSettings = {
				ALWAYS_SEARCH_USER_PATHS = NO;
				CLANG_ANALYZER_NONNULL = YES;
				CLANG_ANALYZER_NUMBER_OBJECT_CONVERSION = YES_AGGRESSIVE;
				CLANG_CXX_LANGUAGE_STANDARD = "gnu++17";
				CLANG_ENABLE_MODULES = YES;
				CLANG_ENABLE_OBJC_ARC = YES;
				CLANG_ENABLE_OBJC_WEAK = YES;
				CLANG_WARN_BLOCK_CAPTURE_AUTORELEASING = YES;
				CLANG_WARN_BOOL_CONVERSION = YES;
				CLANG_WARN_COMMA = YES;
				CLANG_WARN_CONSTANT_CONVERSION = YES;
				CLANG_WARN_DEPRECATED_OBJC_IMPLEMENTATIONS = YES;
				CLANG_WARN_DIRECT_OBJC_ISA_USAGE = YES_ERROR;
				CLANG_WARN_DOCUMENTATION_COMMENTS = YES;
				CLANG_WARN_EMPTY_BODY = YES;
				CLANG_WARN_ENUM_CONVERSION = YES;
				CLANG_WARN_INFINITE_RECURSION = YES;
				CLANG_WARN_INT_CONVERSION = YES;
				CLANG_WARN_NON_LITERAL_NULL_CONVERSION = YES;
				CLANG_WARN_OBJC_IMPLICIT_RETAIN_SELF = YES;
				CLANG_WARN_OBJC_LITERAL_CONVERSION = YES;
				CLANG_WARN_OBJC_ROOT_CLASS = YES_ERROR;
				CLANG_WARN_QUOTED_INCLUDE_IN_FRAMEWORK_HEADER = YES;
				CLANG_WARN_RANGE_LOOP_ANALYSIS = YES;
				CLANG_WARN_STRICT_PROTOTYPES = YES;
				CLANG_WARN_SUSPICIOUS_MOVE = YES;
				CLANG_WARN_UNGUARDED_AVAILABILITY = YES_AGGRESSIVE;
				CLANG_WARN_UNREACHABLE_CODE = YES;
				CLANG_WARN__DUPLICATE_METHOD_MATCH = YES;
				COPY_PHASE_STRIP = NO;
				DEBUG_INFORMATION_FORMAT = "dwarf-with-dsym";
				ENABLE_NS_ASSERTIONS = NO;
				ENABLE_STRICT_OBJC_MSGSEND = YES;
				GCC_C_LANGUAGE_STANDARD = gnu11;
				GCC_NO_COMMON_BLOCKS = YES;
				GCC_WARN_64_TO_32_BIT_CONVERSION = YES;
				GCC_WARN_ABOUT_RETURN_TYPE = YES_ERROR;
				GCC_WARN_UNDECLARED_SELECTOR = YES;
				GCC_WARN_UNINITIALIZED_AUTOS = YES_AGGRESSIVE;
				GCC_WARN_UNUSED_FUNCTION = YES;
				GCC_WARN_UNUSED_VARIABLE = YES;
				IPHONEOS_DEPLOYMENT_TARGET = 15.4;
				MTL_ENABLE_DEBUG_INFO = NO;
				MTL_FAST_MATH = YES;
				SDKROOT = iphoneos;
				SWIFT_COMPILATION_MODE = wholemodule;
				SWIFT_OPTIMIZATION_LEVEL = "-O";
				VALIDATE_PRODUCT = YES;
			};
			name = Release;
		};
		8D54A639281FE92F00776282 /* Debug */ = {
			isa = XCBuildConfiguration;
			buildSettings = {
				ALWAYS_EMBED_SWIFT_STANDARD_LIBRARIES = YES;
				ASSETCATALOG_COMPILER_APPICON_NAME = AppIcon;
				ASSETCATALOG_COMPILER_GLOBAL_ACCENT_COLOR_NAME = AccentColor;
				CODE_SIGN_STYLE = Automatic;
				CURRENT_PROJECT_VERSION = 1;
				DEVELOPMENT_TEAM = PP64RT7P8Z;
				GENERATE_INFOPLIST_FILE = YES;
				INFOPLIST_FILE = JavaScriptInjection/Info.plist;
				INFOPLIST_KEY_UIApplicationSupportsIndirectInputEvents = YES;
				INFOPLIST_KEY_UILaunchStoryboardName = LaunchScreen;
				INFOPLIST_KEY_UIMainStoryboardFile = Main;
				INFOPLIST_KEY_UISupportedInterfaceOrientations_iPad = "UIInterfaceOrientationPortrait UIInterfaceOrientationPortraitUpsideDown UIInterfaceOrientationLandscapeLeft UIInterfaceOrientationLandscapeRight";
				INFOPLIST_KEY_UISupportedInterfaceOrientations_iPhone = "UIInterfaceOrientationPortrait UIInterfaceOrientationLandscapeLeft UIInterfaceOrientationLandscapeRight";
				LD_RUNPATH_SEARCH_PATHS = (
					"$(inherited)",
					"@executable_path/Frameworks",
				);
				MARKETING_VERSION = 1.0;
				PRODUCT_BUNDLE_IDENTIFIER = tw.ibm.com.chenyian.JavaScriptInjection;
				PRODUCT_NAME = "$(TARGET_NAME)";
				SWIFT_EMIT_LOC_STRINGS = YES;
				SWIFT_VERSION = 5.0;
				TARGETED_DEVICE_FAMILY = "1,2";
			};
			name = Debug;
		};
		8D54A63A281FE92F00776282 /* Release */ = {
			isa = XCBuildConfiguration;
			buildSettings = {
				ALWAYS_EMBED_SWIFT_STANDARD_LIBRARIES = YES;
				ASSETCATALOG_COMPILER_APPICON_NAME = AppIcon;
				ASSETCATALOG_COMPILER_GLOBAL_ACCENT_COLOR_NAME = AccentColor;
				CODE_SIGN_STYLE = Automatic;
				CURRENT_PROJECT_VERSION = 1;
				DEVELOPMENT_TEAM = PP64RT7P8Z;
				GENERATE_INFOPLIST_FILE = YES;
				INFOPLIST_FILE = JavaScriptInjection/Info.plist;
				INFOPLIST_KEY_UIApplicationSupportsIndirectInputEvents = YES;
				INFOPLIST_KEY_UILaunchStoryboardName = LaunchScreen;
				INFOPLIST_KEY_UIMainStoryboardFile = Main;
				INFOPLIST_KEY_UISupportedInterfaceOrientations_iPad = "UIInterfaceOrientationPortrait UIInterfaceOrientationPortraitUpsideDown UIInterfaceOrientationLandscapeLeft UIInterfaceOrientationLandscapeRight";
				INFOPLIST_KEY_UISupportedInterfaceOrientations_iPhone = "UIInterfaceOrientationPortrait UIInterfaceOrientationLandscapeLeft UIInterfaceOrientationLandscapeRight";
				LD_RUNPATH_SEARCH_PATHS = (
					"$(inherited)",
					"@executable_path/Frameworks",
				);
				MARKETING_VERSION = 1.0;
				PRODUCT_BUNDLE_IDENTIFIER = tw.ibm.com.chenyian.JavaScriptInjection;
				PRODUCT_NAME = "$(TARGET_NAME)";
				SWIFT_EMIT_LOC_STRINGS = YES;
				SWIFT_VERSION = 5.0;
				TARGETED_DEVICE_FAMILY = "1,2";
			};
			name = Release;
		};
		8D54A650281FE9D700776282 /* Debug */ = {
			isa = XCBuildConfiguration;
			buildSettings = {
				CODE_SIGN_STYLE = Automatic;
				CURRENT_PROJECT_VERSION = 1;
				DEVELOPMENT_TEAM = PP64RT7P8Z;
				GENERATE_INFOPLIST_FILE = YES;
				INFOPLIST_FILE = Extension/Info.plist;
				INFOPLIST_KEY_CFBundleDisplayName = Extension;
				INFOPLIST_KEY_NSHumanReadableCopyright = "";
				LD_RUNPATH_SEARCH_PATHS = (
					"$(inherited)",
					"@executable_path/Frameworks",
					"@executable_path/../../Frameworks",
				);
				MARKETING_VERSION = 1.0;
				PRODUCT_BUNDLE_IDENTIFIER = tw.ibm.com.chenyian.JavaScriptInjection.Extension;
				PRODUCT_NAME = "$(TARGET_NAME)";
				SKIP_INSTALL = YES;
				SWIFT_EMIT_LOC_STRINGS = YES;
				SWIFT_VERSION = 5.0;
				TARGETED_DEVICE_FAMILY = "1,2";
			};
			name = Debug;
		};
		8D54A651281FE9D700776282 /* Release */ = {
			isa = XCBuildConfiguration;
			buildSettings = {
				CODE_SIGN_STYLE = Automatic;
				CURRENT_PROJECT_VERSION = 1;
				DEVELOPMENT_TEAM = PP64RT7P8Z;
				GENERATE_INFOPLIST_FILE = YES;
				INFOPLIST_FILE = Extension/Info.plist;
				INFOPLIST_KEY_CFBundleDisplayName = Extension;
				INFOPLIST_KEY_NSHumanReadableCopyright = "";
				LD_RUNPATH_SEARCH_PATHS = (
					"$(inherited)",
					"@executable_path/Frameworks",
					"@executable_path/../../Frameworks",
				);
				MARKETING_VERSION = 1.0;
				PRODUCT_BUNDLE_IDENTIFIER = tw.ibm.com.chenyian.JavaScriptInjection.Extension;
				PRODUCT_NAME = "$(TARGET_NAME)";
				SKIP_INSTALL = YES;
				SWIFT_EMIT_LOC_STRINGS = YES;
				SWIFT_VERSION = 5.0;
				TARGETED_DEVICE_FAMILY = "1,2";
			};
			name = Release;
		};
/* End XCBuildConfiguration section */

/* Begin XCConfigurationList section */
		8D54A61F281FE92E00776282 /* Build configuration list for PBXProject "JavaScriptInjection" */ = {
			isa = XCConfigurationList;
			buildConfigurations = (
				8D54A636281FE92F00776282 /* Debug */,
				8D54A637281FE92F00776282 /* Release */,
			);
			defaultConfigurationIsVisible = 0;
			defaultConfigurationName = Release;
		};
		8D54A638281FE92F00776282 /* Build configuration list for PBXNativeTarget "JavaScriptInjection" */ = {
			isa = XCConfigurationList;
			buildConfigurations = (
				8D54A639281FE92F00776282 /* Debug */,
				8D54A63A281FE92F00776282 /* Release */,
			);
			defaultConfigurationIsVisible = 0;
			defaultConfigurationName = Release;
		};
		8D54A64F281FE9D700776282 /* Build configuration list for PBXNativeTarget "Extension" */ = {
			isa = XCConfigurationList;
			buildConfigurations = (
				8D54A650281FE9D700776282 /* Debug */,
				8D54A651281FE9D700776282 /* Release */,
			);
			defaultConfigurationIsVisible = 0;
			defaultConfigurationName = Release;
		};
/* End XCConfigurationList section */
	};
	rootObject = 8D54A61C281FE92E00776282 /* Project object */;
}
