// !$*UTF8*$!
{
	archiveVersion = 1;
	classes = {
	};
	objectVersion = 55;
	objects = {

/* Begin PBXBuildFile section */
		8D3E94E6289A832700F32A91 /* AppDelegate.swift in Sources */ = {isa = PBXBuildFile; fileRef = 8D3E94E5289A832700F32A91 /* AppDelegate.swift */; };
		8D3E94E8289A832700F32A91 /* SceneDelegate.swift in Sources */ = {isa = PBXBuildFile; fileRef = 8D3E94E7289A832700F32A91 /* SceneDelegate.swift */; };
		8D3E94EA289A832700F32A91 /* ViewController.swift in Sources */ = {isa = PBXBuildFile; fileRef = 8D3E94E9289A832700F32A91 /* ViewController.swift */; };
		8D3E94ED289A832700F32A91 /* Main.storyboard in Resources */ = {isa = PBXBuildFile; fileRef = 8D3E94EB289A832700F32A91 /* Main.storyboard */; };
		8D3E94EF289A832800F32A91 /* Assets.xcassets in Resources */ = {isa = PBXBuildFile; fileRef = 8D3E94EE289A832800F32A91 /* Assets.xcassets */; };
		8D3E94F2289A832800F32A91 /* LaunchScreen.storyboard in Resources */ = {isa = PBXBuildFile; fileRef = 8D3E94F0289A832800F32A91 /* LaunchScreen.storyboard */; };
		8D3E94FD289A832900F32A91 /* UnitTestingTests.swift in Sources */ = {isa = PBXBuildFile; fileRef = 8D3E94FC289A832900F32A91 /* UnitTestingTests.swift */; };
		8D3E9507289A832900F32A91 /* UnitTestingUITests.swift in Sources */ = {isa = PBXBuildFile; fileRef = 8D3E9506289A832900F32A91 /* UnitTestingUITests.swift */; };
		8D3E9509289A832900F32A91 /* UnitTestingUITestsLaunchTests.swift in Sources */ = {isa = PBXBuildFile; fileRef = 8D3E9508289A832900F32A91 /* UnitTestingUITestsLaunchTests.swift */; };
		8D3E9516289A840D00F32A91 /* plays.txt in Resources */ = {isa = PBXBuildFile; fileRef = 8D3E9515289A840D00F32A91 /* plays.txt */; };
		8D3E9518289A8CE700F32A91 /* PlayData.swift in Sources */ = {isa = PBXBuildFile; fileRef = 8D3E9517289A8CE700F32A91 /* PlayData.swift */; };
/* End PBXBuildFile section */

/* Begin PBXContainerItemProxy section */
		8D3E94F9289A832900F32A91 /* PBXContainerItemProxy */ = {
			isa = PBXContainerItemProxy;
			containerPortal = 8D3E94DA289A832700F32A91 /* Project object */;
			proxyType = 1;
			remoteGlobalIDString = 8D3E94E1289A832700F32A91;
			remoteInfo = UnitTesting;
		};
		8D3E9503289A832900F32A91 /* PBXContainerItemProxy */ = {
			isa = PBXContainerItemProxy;
			containerPortal = 8D3E94DA289A832700F32A91 /* Project object */;
			proxyType = 1;
			remoteGlobalIDString = 8D3E94E1289A832700F32A91;
			remoteInfo = UnitTesting;
		};
/* End PBXContainerItemProxy section */

/* Begin PBXFileReference section */
		8D3E94E2289A832700F32A91 /* UnitTesting.app */ = {isa = PBXFileReference; explicitFileType = wrapper.application; includeInIndex = 0; path = UnitTesting.app; sourceTree = BUILT_PRODUCTS_DIR; };
		8D3E94E5289A832700F32A91 /* AppDelegate.swift */ = {isa = PBXFileReference; lastKnownFileType = sourcecode.swift; path = AppDelegate.swift; sourceTree = "<group>"; };
		8D3E94E7289A832700F32A91 /* SceneDelegate.swift */ = {isa = PBXFileReference; lastKnownFileType = sourcecode.swift; path = SceneDelegate.swift; sourceTree = "<group>"; };
		8D3E94E9289A832700F32A91 /* ViewController.swift */ = {isa = PBXFileReference; lastKnownFileType = sourcecode.swift; path = ViewController.swift; sourceTree = "<group>"; };
		8D3E94EC289A832700F32A91 /* Base */ = {isa = PBXFileReference; lastKnownFileType = file.storyboard; name = Base; path = Base.lproj/Main.storyboard; sourceTree = "<group>"; };
		8D3E94EE289A832800F32A91 /* Assets.xcassets */ = {isa = PBXFileReference; lastKnownFileType = folder.assetcatalog; path = Assets.xcassets; sourceTree = "<group>"; };
		8D3E94F1289A832800F32A91 /* Base */ = {isa = PBXFileReference; lastKnownFileType = file.storyboard; name = Base; path = Base.lproj/LaunchScreen.storyboard; sourceTree = "<group>"; };
		8D3E94F3289A832800F32A91 /* Info.plist */ = {isa = PBXFileReference; lastKnownFileType = text.plist.xml; path = Info.plist; sourceTree = "<group>"; };
		8D3E94F8289A832900F32A91 /* UnitTestingTests.xctest */ = {isa = PBXFileReference; explicitFileType = wrapper.cfbundle; includeInIndex = 0; path = UnitTestingTests.xctest; sourceTree = BUILT_PRODUCTS_DIR; };
		8D3E94FC289A832900F32A91 /* UnitTestingTests.swift */ = {isa = PBXFileReference; lastKnownFileType = sourcecode.swift; path = UnitTestingTests.swift; sourceTree = "<group>"; };
		8D3E9502289A832900F32A91 /* UnitTestingUITests.xctest */ = {isa = PBXFileReference; explicitFileType = wrapper.cfbundle; includeInIndex = 0; path = UnitTestingUITests.xctest; sourceTree = BUILT_PRODUCTS_DIR; };
		8D3E9506289A832900F32A91 /* UnitTestingUITests.swift */ = {isa = PBXFileReference; lastKnownFileType = sourcecode.swift; path = UnitTestingUITests.swift; sourceTree = "<group>"; };
		8D3E9508289A832900F32A91 /* UnitTestingUITestsLaunchTests.swift */ = {isa = PBXFileReference; lastKnownFileType = sourcecode.swift; path = UnitTestingUITestsLaunchTests.swift; sourceTree = "<group>"; };
		8D3E9515289A840D00F32A91 /* plays.txt */ = {isa = PBXFileReference; fileEncoding = 4; lastKnownFileType = text; path = plays.txt; sourceTree = "<group>"; };
		8D3E9517289A8CE700F32A91 /* PlayData.swift */ = {isa = PBXFileReference; lastKnownFileType = sourcecode.swift; path = PlayData.swift; sourceTree = "<group>"; };
/* End PBXFileReference section */

/* Begin PBXFrameworksBuildPhase section */
		8D3E94DF289A832700F32A91 /* Frameworks */ = {
			isa = PBXFrameworksBuildPhase;
			buildActionMask = 2147483647;
			files = (
			);
			runOnlyForDeploymentPostprocessing = 0;
		};
		8D3E94F5289A832900F32A91 /* Frameworks */ = {
			isa = PBXFrameworksBuildPhase;
			buildActionMask = 2147483647;
			files = (
			);
			runOnlyForDeploymentPostprocessing = 0;
		};
		8D3E94FF289A832900F32A91 /* Frameworks */ = {
			isa = PBXFrameworksBuildPhase;
			buildActionMask = 2147483647;
			files = (
			);
			runOnlyForDeploymentPostprocessing = 0;
		};
/* End PBXFrameworksBuildPhase section */

/* Begin PBXGroup section */
		8D3E94D9289A832700F32A91 = {
			isa = PBXGroup;
			children = (
				8D3E94E4289A832700F32A91 /* UnitTesting */,
				8D3E94FB289A832900F32A91 /* UnitTestingTests */,
				8D3E9505289A832900F32A91 /* UnitTestingUITests */,
				8D3E94E3289A832700F32A91 /* Products */,
			);
			sourceTree = "<group>";
		};
		8D3E94E3289A832700F32A91 /* Products */ = {
			isa = PBXGroup;
			children = (
				8D3E94E2289A832700F32A91 /* UnitTesting.app */,
				8D3E94F8289A832900F32A91 /* UnitTestingTests.xctest */,
				8D3E9502289A832900F32A91 /* UnitTestingUITests.xctest */,
			);
			name = Products;
			sourceTree = "<group>";
		};
		8D3E94E4289A832700F32A91 /* UnitTesting */ = {
			isa = PBXGroup;
			children = (
				8D3E94E5289A832700F32A91 /* AppDelegate.swift */,
				8D3E94E7289A832700F32A91 /* SceneDelegate.swift */,
				8D3E94E9289A832700F32A91 /* ViewController.swift */,
				8D3E94EB289A832700F32A91 /* Main.storyboard */,
				8D3E9517289A8CE700F32A91 /* PlayData.swift */,
				8D3E94EE289A832800F32A91 /* Assets.xcassets */,
				8D3E9515289A840D00F32A91 /* plays.txt */,
				8D3E94F0289A832800F32A91 /* LaunchScreen.storyboard */,
				8D3E94F3289A832800F32A91 /* Info.plist */,
			);
			path = UnitTesting;
			sourceTree = "<group>";
		};
		8D3E94FB289A832900F32A91 /* UnitTestingTests */ = {
			isa = PBXGroup;
			children = (
				8D3E94FC289A832900F32A91 /* UnitTestingTests.swift */,
			);
			path = UnitTestingTests;
			sourceTree = "<group>";
		};
		8D3E9505289A832900F32A91 /* UnitTestingUITests */ = {
			isa = PBXGroup;
			children = (
				8D3E9506289A832900F32A91 /* UnitTestingUITests.swift */,
				8D3E9508289A832900F32A91 /* UnitTestingUITestsLaunchTests.swift */,
			);
			path = UnitTestingUITests;
			sourceTree = "<group>";
		};
/* End PBXGroup section */

/* Begin PBXNativeTarget section */
		8D3E94E1289A832700F32A91 /* UnitTesting */ = {
			isa = PBXNativeTarget;
			buildConfigurationList = 8D3E950C289A832900F32A91 /* Build configuration list for PBXNativeTarget "UnitTesting" */;
			buildPhases = (
				8D3E94DE289A832700F32A91 /* Sources */,
				8D3E94DF289A832700F32A91 /* Frameworks */,
				8D3E94E0289A832700F32A91 /* Resources */,
			);
			buildRules = (
			);
			dependencies = (
			);
			name = UnitTesting;
			productName = UnitTesting;
			productReference = 8D3E94E2289A832700F32A91 /* UnitTesting.app */;
			productType = "com.apple.product-type.application";
		};
		8D3E94F7289A832900F32A91 /* UnitTestingTests */ = {
			isa = PBXNativeTarget;
			buildConfigurationList = 8D3E950F289A832900F32A91 /* Build configuration list for PBXNativeTarget "UnitTestingTests" */;
			buildPhases = (
				8D3E94F4289A832900F32A91 /* Sources */,
				8D3E94F5289A832900F32A91 /* Frameworks */,
				8D3E94F6289A832900F32A91 /* Resources */,
			);
			buildRules = (
			);
			dependencies = (
				8D3E94FA289A832900F32A91 /* PBXTargetDependency */,
			);
			name = UnitTestingTests;
			productName = UnitTestingTests;
			productReference = 8D3E94F8289A832900F32A91 /* UnitTestingTests.xctest */;
			productType = "com.apple.product-type.bundle.unit-test";
		};
		8D3E9501289A832900F32A91 /* UnitTestingUITests */ = {
			isa = PBXNativeTarget;
			buildConfigurationList = 8D3E9512289A832900F32A91 /* Build configuration list for PBXNativeTarget "UnitTestingUITests" */;
			buildPhases = (
				8D3E94FE289A832900F32A91 /* Sources */,
				8D3E94FF289A832900F32A91 /* Frameworks */,
				8D3E9500289A832900F32A91 /* Resources */,
			);
			buildRules = (
			);
			dependencies = (
				8D3E9504289A832900F32A91 /* PBXTargetDependency */,
			);
			name = UnitTestingUITests;
			productName = UnitTestingUITests;
			productReference = 8D3E9502289A832900F32A91 /* UnitTestingUITests.xctest */;
			productType = "com.apple.product-type.bundle.ui-testing";
		};
/* End PBXNativeTarget section */

/* Begin PBXProject section */
		8D3E94DA289A832700F32A91 /* Project object */ = {
			isa = PBXProject;
			attributes = {
				BuildIndependentTargetsInParallel = 1;
				LastSwiftUpdateCheck = 1330;
				LastUpgradeCheck = 1330;
				TargetAttributes = {
					8D3E94E1289A832700F32A91 = {
						CreatedOnToolsVersion = 13.3.1;
					};
					8D3E94F7289A832900F32A91 = {
						CreatedOnToolsVersion = 13.3.1;
						TestTargetID = 8D3E94E1289A832700F32A91;
					};
					8D3E9501289A832900F32A91 = {
						CreatedOnToolsVersion = 13.3.1;
						TestTargetID = 8D3E94E1289A832700F32A91;
					};
				};
			};
			buildConfigurationList = 8D3E94DD289A832700F32A91 /* Build configuration list for PBXProject "UnitTesting" */;
			compatibilityVersion = "Xcode 13.0";
			developmentRegion = en;
			hasScannedForEncodings = 0;
			knownRegions = (
				en,
				Base,
			);
			mainGroup = 8D3E94D9289A832700F32A91;
			productRefGroup = 8D3E94E3289A832700F32A91 /* Products */;
			projectDirPath = "";
			projectRoot = "";
			targets = (
				8D3E94E1289A832700F32A91 /* UnitTesting */,
				8D3E94F7289A832900F32A91 /* UnitTestingTests */,
				8D3E9501289A832900F32A91 /* UnitTestingUITests */,
			);
		};
/* End PBXProject section */

/* Begin PBXResourcesBuildPhase section */
		8D3E94E0289A832700F32A91 /* Resources */ = {
			isa = PBXResourcesBuildPhase;
			buildActionMask = 2147483647;
			files = (
				8D3E9516289A840D00F32A91 /* plays.txt in Resources */,
				8D3E94F2289A832800F32A91 /* LaunchScreen.storyboard in Resources */,
				8D3E94EF289A832800F32A91 /* Assets.xcassets in Resources */,
				8D3E94ED289A832700F32A91 /* Main.storyboard in Resources */,
			);
			runOnlyForDeploymentPostprocessing = 0;
		};
		8D3E94F6289A832900F32A91 /* Resources */ = {
			isa = PBXResourcesBuildPhase;
			buildActionMask = 2147483647;
			files = (
			);
			runOnlyForDeploymentPostprocessing = 0;
		};
		8D3E9500289A832900F32A91 /* Resources */ = {
			isa = PBXResourcesBuildPhase;
			buildActionMask = 2147483647;
			files = (
			);
			runOnlyForDeploymentPostprocessing = 0;
		};
/* End PBXResourcesBuildPhase section */

/* Begin PBXSourcesBuildPhase section */
		8D3E94DE289A832700F32A91 /* Sources */ = {
			isa = PBXSourcesBuildPhase;
			buildActionMask = 2147483647;
			files = (
				8D3E94EA289A832700F32A91 /* ViewController.swift in Sources */,
				8D3E9518289A8CE700F32A91 /* PlayData.swift in Sources */,
				8D3E94E6289A832700F32A91 /* AppDelegate.swift in Sources */,
				8D3E94E8289A832700F32A91 /* SceneDelegate.swift in Sources */,
			);
			runOnlyForDeploymentPostprocessing = 0;
		};
		8D3E94F4289A832900F32A91 /* Sources */ = {
			isa = PBXSourcesBuildPhase;
			buildActionMask = 2147483647;
			files = (
				8D3E94FD289A832900F32A91 /* UnitTestingTests.swift in Sources */,
			);
			runOnlyForDeploymentPostprocessing = 0;
		};
		8D3E94FE289A832900F32A91 /* Sources */ = {
			isa = PBXSourcesBuildPhase;
			buildActionMask = 2147483647;
			files = (
				8D3E9507289A832900F32A91 /* UnitTestingUITests.swift in Sources */,
				8D3E9509289A832900F32A91 /* UnitTestingUITestsLaunchTests.swift in Sources */,
			);
			runOnlyForDeploymentPostprocessing = 0;
		};
/* End PBXSourcesBuildPhase section */

/* Begin PBXTargetDependency section */
		8D3E94FA289A832900F32A91 /* PBXTargetDependency */ = {
			isa = PBXTargetDependency;
			target = 8D3E94E1289A832700F32A91 /* UnitTesting */;
			targetProxy = 8D3E94F9289A832900F32A91 /* PBXContainerItemProxy */;
		};
		8D3E9504289A832900F32A91 /* PBXTargetDependency */ = {
			isa = PBXTargetDependency;
			target = 8D3E94E1289A832700F32A91 /* UnitTesting */;
			targetProxy = 8D3E9503289A832900F32A91 /* PBXContainerItemProxy */;
		};
/* End PBXTargetDependency section */

/* Begin PBXVariantGroup section */
		8D3E94EB289A832700F32A91 /* Main.storyboard */ = {
			isa = PBXVariantGroup;
			children = (
				8D3E94EC289A832700F32A91 /* Base */,
			);
			name = Main.storyboard;
			sourceTree = "<group>";
		};
		8D3E94F0289A832800F32A91 /* LaunchScreen.storyboard */ = {
			isa = PBXVariantGroup;
			children = (
				8D3E94F1289A832800F32A91 /* Base */,
			);
			name = LaunchScreen.storyboard;
			sourceTree = "<group>";
		};
/* End PBXVariantGroup section */

/* Begin XCBuildConfiguration section */
		8D3E950A289A832900F32A91 /* Debug */ = {
			isa = XCBuildConfiguration;
			buildSettings = {
				ALWAYS_SEARCH_USER_PATHS = NO;
				CLANG_ANALYZER_NONNULL = YES;
				CLANG_ANALYZER_NUMBER_OBJECT_CONVERSION = YES_AGGRESSIVE;
				CLANG_CXX_LANGUAGE_STANDARD = "gnu++17";
				CLANG_ENABLE_MODULES = YES;
				CLANG_ENABLE_OBJC_ARC = YES;
				CLANG_ENABLE_OBJC_WEAK = YES;
				CLANG_WARN_BLOCK_CAPTURE_AUTORELEASING = YES;
				CLANG_WARN_BOOL_CONVERSION = YES;
				CLANG_WARN_COMMA = YES;
				CLANG_WARN_CONSTANT_CONVERSION = YES;
				CLANG_WARN_DEPRECATED_OBJC_IMPLEMENTATIONS = YES;
				CLANG_WARN_DIRECT_OBJC_ISA_USAGE = YES_ERROR;
				CLANG_WARN_DOCUMENTATION_COMMENTS = YES;
				CLANG_WARN_EMPTY_BODY = YES;
				CLANG_WARN_ENUM_CONVERSION = YES;
				CLANG_WARN_INFINITE_RECURSION = YES;
				CLANG_WARN_INT_CONVERSION = YES;
				CLANG_WARN_NON_LITERAL_NULL_CONVERSION = YES;
				CLANG_WARN_OBJC_IMPLICIT_RETAIN_SELF = YES;
				CLANG_WARN_OBJC_LITERAL_CONVERSION = YES;
				CLANG_WARN_OBJC_ROOT_CLASS = YES_ERROR;
				CLANG_WARN_QUOTED_INCLUDE_IN_FRAMEWORK_HEADER = YES;
				CLANG_WARN_RANGE_LOOP_ANALYSIS = YES;
				CLANG_WARN_STRICT_PROTOTYPES = YES;
				CLANG_WARN_SUSPICIOUS_MOVE = YES;
				CLANG_WARN_UNGUARDED_AVAILABILITY = YES_AGGRESSIVE;
				CLANG_WARN_UNREACHABLE_CODE = YES;
				CLANG_WARN__DUPLICATE_METHOD_MATCH = YES;
				COPY_PHASE_STRIP = NO;
				DEBUG_INFORMATION_FORMAT = dwarf;
				ENABLE_STRICT_OBJC_MSGSEND = YES;
				ENABLE_TESTABILITY = YES;
				GCC_C_LANGUAGE_STANDARD = gnu11;
				GCC_DYNAMIC_NO_PIC = NO;
				GCC_NO_COMMON_BLOCKS = YES;
				GCC_OPTIMIZATION_LEVEL = 0;
				GCC_PREPROCESSOR_DEFINITIONS = (
					"DEBUG=1",
					"$(inherited)",
				);
				GCC_WARN_64_TO_32_BIT_CONVERSION = YES;
				GCC_WARN_ABOUT_RETURN_TYPE = YES_ERROR;
				GCC_WARN_UNDECLARED_SELECTOR = YES;
				GCC_WARN_UNINITIALIZED_AUTOS = YES_AGGRESSIVE;
				GCC_WARN_UNUSED_FUNCTION = YES;
				GCC_WARN_UNUSED_VARIABLE = YES;
				IPHONEOS_DEPLOYMENT_TARGET = 15.4;
				MTL_ENABLE_DEBUG_INFO = INCLUDE_SOURCE;
				MTL_FAST_MATH = YES;
				ONLY_ACTIVE_ARCH = YES;
				SDKROOT = iphoneos;
				SWIFT_ACTIVE_COMPILATION_CONDITIONS = DEBUG;
				SWIFT_OPTIMIZATION_LEVEL = "-Onone";
			};
			name = Debug;
		};
		8D3E950B289A832900F32A91 /* Release */ = {
			isa = XCBuildConfiguration;
			buildSettings = {
				ALWAYS_SEARCH_USER_PATHS = NO;
				CLANG_ANALYZER_NONNULL = YES;
				CLANG_ANALYZER_NUMBER_OBJECT_CONVERSION = YES_AGGRESSIVE;
				CLANG_CXX_LANGUAGE_STANDARD = "gnu++17";
				CLANG_ENABLE_MODULES = YES;
				CLANG_ENABLE_OBJC_ARC = YES;
				CLANG_ENABLE_OBJC_WEAK = YES;
				CLANG_WARN_BLOCK_CAPTURE_AUTORELEASING = YES;
				CLANG_WARN_BOOL_CONVERSION = YES;
				CLANG_WARN_COMMA = YES;
				CLANG_WARN_CONSTANT_CONVERSION = YES;
				CLANG_WARN_DEPRECATED_OBJC_IMPLEMENTATIONS = YES;
				CLANG_WARN_DIRECT_OBJC_ISA_USAGE = YES_ERROR;
				CLANG_WARN_DOCUMENTATION_COMMENTS = YES;
				CLANG_WARN_EMPTY_BODY = YES;
				CLANG_WARN_ENUM_CONVERSION = YES;
				CLANG_WARN_INFINITE_RECURSION = YES;
				CLANG_WARN_INT_CONVERSION = YES;
				CLANG_WARN_NON_LITERAL_NULL_CONVERSION = YES;
				CLANG_WARN_OBJC_IMPLICIT_RETAIN_SELF = YES;
				CLANG_WARN_OBJC_LITERAL_CONVERSION = YES;
				CLANG_WARN_OBJC_ROOT_CLASS = YES_ERROR;
				CLANG_WARN_QUOTED_INCLUDE_IN_FRAMEWORK_HEADER = YES;
				CLANG_WARN_RANGE_LOOP_ANALYSIS = YES;
				CLANG_WARN_STRICT_PROTOTYPES = YES;
				CLANG_WARN_SUSPICIOUS_MOVE = YES;
				CLANG_WARN_UNGUARDED_AVAILABILITY = YES_AGGRESSIVE;
				CLANG_WARN_UNREACHABLE_CODE = YES;
				CLANG_WARN__DUPLICATE_METHOD_MATCH = YES;
				COPY_PHASE_STRIP = NO;
				DEBUG_INFORMATION_FORMAT = "dwarf-with-dsym";
				ENABLE_NS_ASSERTIONS = NO;
				ENABLE_STRICT_OBJC_MSGSEND = YES;
				GCC_C_LANGUAGE_STANDARD = gnu11;
				GCC_NO_COMMON_BLOCKS = YES;
				GCC_WARN_64_TO_32_BIT_CONVERSION = YES;
				GCC_WARN_ABOUT_RETURN_TYPE = YES_ERROR;
				GCC_WARN_UNDECLARED_SELECTOR = YES;
				GCC_WARN_UNINITIALIZED_AUTOS = YES_AGGRESSIVE;
				GCC_WARN_UNUSED_FUNCTION = YES;
				GCC_WARN_UNUSED_VARIABLE = YES;
				IPHONEOS_DEPLOYMENT_TARGET = 15.4;
				MTL_ENABLE_DEBUG_INFO = NO;
				MTL_FAST_MATH = YES;
				SDKROOT = iphoneos;
				SWIFT_COMPILATION_MODE = wholemodule;
				SWIFT_OPTIMIZATION_LEVEL = "-O";
				VALIDATE_PRODUCT = YES;
			};
			name = Release;
		};
		8D3E950D289A832900F32A91 /* Debug */ = {
			isa = XCBuildConfiguration;
			buildSettings = {
				ASSETCATALOG_COMPILER_APPICON_NAME = AppIcon;
				ASSETCATALOG_COMPILER_GLOBAL_ACCENT_COLOR_NAME = AccentColor;
				CODE_SIGN_STYLE = Automatic;
				CURRENT_PROJECT_VERSION = 1;
				DEVELOPMENT_TEAM = VXMCZJQ3C9;
				GENERATE_INFOPLIST_FILE = YES;
				INFOPLIST_FILE = UnitTesting/Info.plist;
				INFOPLIST_KEY_UIApplicationSupportsIndirectInputEvents = YES;
				INFOPLIST_KEY_UILaunchStoryboardName = LaunchScreen;
				INFOPLIST_KEY_UIMainStoryboardFile = Main;
				INFOPLIST_KEY_UISupportedInterfaceOrientations_iPad = "UIInterfaceOrientationPortrait UIInterfaceOrientationPortraitUpsideDown UIInterfaceOrientationLandscapeLeft UIInterfaceOrientationLandscapeRight";
				INFOPLIST_KEY_UISupportedInterfaceOrientations_iPhone = "UIInterfaceOrientationPortrait UIInterfaceOrientationLandscapeLeft UIInterfaceOrientationLandscapeRight";
				LD_RUNPATH_SEARCH_PATHS = (
					"$(inherited)",
					"@executable_path/Frameworks",
				);
				MARKETING_VERSION = 1.0;
				PRODUCT_BUNDLE_IDENTIFIER = me.chenyian.UnitTesting;
				PRODUCT_NAME = "$(TARGET_NAME)";
				SWIFT_EMIT_LOC_STRINGS = YES;
				SWIFT_VERSION = 5.0;
				TARGETED_DEVICE_FAMILY = "1,2";
			};
			name = Debug;
		};
		8D3E950E289A832900F32A91 /* Release */ = {
			isa = XCBuildConfiguration;
			buildSettings = {
				ASSETCATALOG_COMPILER_APPICON_NAME = AppIcon;
				ASSETCATALOG_COMPILER_GLOBAL_ACCENT_COLOR_NAME = AccentColor;
				CODE_SIGN_STYLE = Automatic;
				CURRENT_PROJECT_VERSION = 1;
				DEVELOPMENT_TEAM = VXMCZJQ3C9;
				GENERATE_INFOPLIST_FILE = YES;
				INFOPLIST_FILE = UnitTesting/Info.plist;
				INFOPLIST_KEY_UIApplicationSupportsIndirectInputEvents = YES;
				INFOPLIST_KEY_UILaunchStoryboardName = LaunchScreen;
				INFOPLIST_KEY_UIMainStoryboardFile = Main;
				INFOPLIST_KEY_UISupportedInterfaceOrientations_iPad = "UIInterfaceOrientationPortrait UIInterfaceOrientationPortraitUpsideDown UIInterfaceOrientationLandscapeLeft UIInterfaceOrientationLandscapeRight";
				INFOPLIST_KEY_UISupportedInterfaceOrientations_iPhone = "UIInterfaceOrientationPortrait UIInterfaceOrientationLandscapeLeft UIInterfaceOrientationLandscapeRight";
				LD_RUNPATH_SEARCH_PATHS = (
					"$(inherited)",
					"@executable_path/Frameworks",
				);
				MARKETING_VERSION = 1.0;
				PRODUCT_BUNDLE_IDENTIFIER = me.chenyian.UnitTesting;
				PRODUCT_NAME = "$(TARGET_NAME)";
				SWIFT_EMIT_LOC_STRINGS = YES;
				SWIFT_VERSION = 5.0;
				TARGETED_DEVICE_FAMILY = "1,2";
			};
			name = Release;
		};
		8D3E9510289A832900F32A91 /* Debug */ = {
			isa = XCBuildConfiguration;
			buildSettings = {
				ALWAYS_EMBED_SWIFT_STANDARD_LIBRARIES = YES;
				BUNDLE_LOADER = "$(TEST_HOST)";
				CODE_SIGN_STYLE = Automatic;
				CURRENT_PROJECT_VERSION = 1;
				DEVELOPMENT_TEAM = VXMCZJQ3C9;
				GENERATE_INFOPLIST_FILE = YES;
				IPHONEOS_DEPLOYMENT_TARGET = 15.4;
				MARKETING_VERSION = 1.0;
				PRODUCT_BUNDLE_IDENTIFIER = me.chenyian.UnitTestingTests;
				PRODUCT_NAME = "$(TARGET_NAME)";
				SWIFT_EMIT_LOC_STRINGS = NO;
				SWIFT_VERSION = 5.0;
				TARGETED_DEVICE_FAMILY = "1,2";
				TEST_HOST = "$(BUILT_PRODUCTS_DIR)/UnitTesting.app/UnitTesting";
			};
			name = Debug;
		};
		8D3E9511289A832900F32A91 /* Release */ = {
			isa = XCBuildConfiguration;
			buildSettings = {
				ALWAYS_EMBED_SWIFT_STANDARD_LIBRARIES = YES;
				BUNDLE_LOADER = "$(TEST_HOST)";
				CODE_SIGN_STYLE = Automatic;
				CURRENT_PROJECT_VERSION = 1;
				DEVELOPMENT_TEAM = VXMCZJQ3C9;
				GENERATE_INFOPLIST_FILE = YES;
				IPHONEOS_DEPLOYMENT_TARGET = 15.4;
				MARKETING_VERSION = 1.0;
				PRODUCT_BUNDLE_IDENTIFIER = me.chenyian.UnitTestingTests;
				PRODUCT_NAME = "$(TARGET_NAME)";
				SWIFT_EMIT_LOC_STRINGS = NO;
				SWIFT_VERSION = 5.0;
				TARGETED_DEVICE_FAMILY = "1,2";
				TEST_HOST = "$(BUILT_PRODUCTS_DIR)/UnitTesting.app/UnitTesting";
			};
			name = Release;
		};
		8D3E9513289A832900F32A91 /* Debug */ = {
			isa = XCBuildConfiguration;
			buildSettings = {
				ALWAYS_EMBED_SWIFT_STANDARD_LIBRARIES = YES;
				CODE_SIGN_STYLE = Automatic;
				CURRENT_PROJECT_VERSION = 1;
				DEVELOPMENT_TEAM = VXMCZJQ3C9;
				GENERATE_INFOPLIST_FILE = YES;
				MARKETING_VERSION = 1.0;
				PRODUCT_BUNDLE_IDENTIFIER = me.chenyian.UnitTestingUITests;
				PRODUCT_NAME = "$(TARGET_NAME)";
				SWIFT_EMIT_LOC_STRINGS = NO;
				SWIFT_VERSION = 5.0;
				TARGETED_DEVICE_FAMILY = "1,2";
				TEST_TARGET_NAME = UnitTesting;
			};
			name = Debug;
		};
		8D3E9514289A832900F32A91 /* Release */ = {
			isa = XCBuildConfiguration;
			buildSettings = {
				ALWAYS_EMBED_SWIFT_STANDARD_LIBRARIES = YES;
				CODE_SIGN_STYLE = Automatic;
				CURRENT_PROJECT_VERSION = 1;
				DEVELOPMENT_TEAM = VXMCZJQ3C9;
				GENERATE_INFOPLIST_FILE = YES;
				MARKETING_VERSION = 1.0;
				PRODUCT_BUNDLE_IDENTIFIER = me.chenyian.UnitTestingUITests;
				PRODUCT_NAME = "$(TARGET_NAME)";
				SWIFT_EMIT_LOC_STRINGS = NO;
				SWIFT_VERSION = 5.0;
				TARGETED_DEVICE_FAMILY = "1,2";
				TEST_TARGET_NAME = UnitTesting;
			};
			name = Release;
		};
/* End XCBuildConfiguration section */

/* Begin XCConfigurationList section */
		8D3E94DD289A832700F32A91 /* Build configuration list for PBXProject "UnitTesting" */ = {
			isa = XCConfigurationList;
			buildConfigurations = (
				8D3E950A289A832900F32A91 /* Debug */,
				8D3E950B289A832900F32A91 /* Release */,
			);
			defaultConfigurationIsVisible = 0;
			defaultConfigurationName = Release;
		};
		8D3E950C289A832900F32A91 /* Build configuration list for PBXNativeTarget "UnitTesting" */ = {
			isa = XCConfigurationList;
			buildConfigurations = (
				8D3E950D289A832900F32A91 /* Debug */,
				8D3E950E289A832900F32A91 /* Release */,
			);
			defaultConfigurationIsVisible = 0;
			defaultConfigurationName = Release;
		};
		8D3E950F289A832900F32A91 /* Build configuration list for PBXNativeTarget "UnitTestingTests" */ = {
			isa = XCConfigurationList;
			buildConfigurations = (
				8D3E9510289A832900F32A91 /* Debug */,
				8D3E9511289A832900F32A91 /* Release */,
			);
			defaultConfigurationIsVisible = 0;
			defaultConfigurationName = Release;
		};
		8D3E9512289A832900F32A91 /* Build configuration list for PBXNativeTarget "UnitTestingUITests" */ = {
			isa = XCConfigurationList;
			buildConfigurations = (
				8D3E9513289A832900F32A91 /* Debug */,
				8D3E9514289A832900F32A91 /* Release */,
			);
			defaultConfigurationIsVisible = 0;
			defaultConfigurationName = Release;
		};
/* End XCConfigurationList section */
	};
	rootObject = 8D3E94DA289A832700F32A91 /* Project object */;
}
